{
  "name": "Playwright",
  "version": "1.0.0",
  "lockfileVersion": 1,
  "requires": true,
  "dependencies": {
    "playwright-chromium": {
      "version": "1.23.2",
      "resolved": "https://registry.npmjs.org/playwright-chromium/-/playwright-chromium-1.23.2.tgz",
      "integrity": "sha512-kQ34dgOyum93X7Q0G8CS85jloZL0xVsDnqu8ElPcEIz0YyKvJRaptq1dnq7Wx8p7llHCIDg6d30Pm5+jAwtdJw==",
      "requires": {
        "playwright-core": "1.23.2"
      },
      "dependencies": {
        "playwright-core": {
          "version": "1.23.2",
          "resolved": "https://registry.npmjs.org/playwright-core/-/playwright-core-1.23.2.tgz",
          "integrity": "sha512-UGbutIr0nBALDHWW/HcXfyK6ZdmefC99Moo4qyTr89VNIkYZuDrW8Sw554FyFUamcFSdKOgDPk6ECSkofGIZjQ=="
        }
      }
    }
  }
}
